dependencies:
- name: kommander-karma
  repository: ""
  version: 0.3.12
- name: kommander-thanos
  repository: ""
  version: 0.1.16
- name: kubeaddons-catalog
  repository: https://mesosphere.github.io/charts/staging
  version: 0.1.16
- name: kommander-federation
  repository: https://mesosphere.github.io/yakcl/charts
  version: 0.8.4
- name: kommander-licensing
  repository: https://mesosphere.github.io/yakcl/charts
  version: 0.8.4
- name: kommander-ui
  repository: https://mesosphere.github.io/kommander-ui/charts
  version: 6.84.3
- name: kubecost
  repository: https://mesosphere.github.io/charts/stable
  version: 0.6.1
- name: grafana
  repository: https://mesosphere.github.io/charts/stable
  version: 5.0.0
digest: sha256:f6179d5475fb3d95834feee07960b5d2e36ee555f480b5b5c7c2d4299d98e89a
generated: "2021-02-05T13:46:16.273418226-08:00"
