dependencies:
- name: kubeaddons-catalog
  repository: https://mesosphere.github.io/charts/staging
  version: 0.1.16
- name: kommander-federation
  repository: https://mesosphere.github.io/yakcl/charts
  version: 0.6.9
- name: kommander-licensing
  repository: https://mesosphere.github.io/yakcl/charts
  version: 0.6.9
- name: kommander-ui
  repository: https://mesosphere.github.io/kommander/charts
  version: 6.55.0
- name: kubecost
  repository: https://mesosphere.github.io/charts/stable
  version: 0.4.0
- name: grafana
  repository: https://mesosphere.github.io/charts/stable
  version: 4.6.3
digest: sha256:22cd2c37838eb0a828d21f4c6b9cad41bb3f98067603502261aaea38b1aa75c6
generated: "2021-02-01T13:22:44.293361649-08:00"
